
Microsoft Visual Studio Solution File, Format Version 12.00
Project("{FAE04EC0-301F-11D3-BF4B-00C04F79EFBC}") = "PacketLogger", "PacketLogger\PacketLogger.csproj", "{849528A7-1F3F-4D68-B272-5BCA06E31E9E}"
EndProject
Project("{2150E333-8FDC-42A3-9474-1A3956D46DE8}") = "Solution Items", "Solution Items", "{D464BE7C-3C7C-4BCE-9293-B97D4F5CE71F}"
	ProjectSection(SolutionItems) = preProject
		GamePath.targets = GamePath.targets
	EndProjectSection
EndProject
Global
	GlobalSection(SolutionConfigurationPlatforms) = preSolution
		Debug|Any CPU = Debug|Any CPU
		Release|Any CPU = Release|Any CPU
	EndGlobalSection
	GlobalSection(ProjectConfigurationPlatforms) = postSolution
		{849528A7-1F3F-4D68-B272-5BCA06E31E9E}.Debug|Any CPU.ActiveCfg = Debug|Any CPU
		{849528A7-1F3F-4D68-B272-5BCA06E31E9E}.Debug|Any CPU.Build.0 = Debug|Any CPU
		{849528A7-1F3F-4D68-B272-5BCA06E31E9E}.Release|Any CPU.ActiveCfg = Release|Any CPU
		{849528A7-1F3F-4D68-B272-5BCA06E31E9E}.Release|Any CPU.Build.0 = Release|Any CPU
	EndGlobalSection
EndGlobal
